
Microsoft Visual Studio Solution File, Format Version 12.00
Project("{FAE04EC0-301F-11D3-BF4B-00C04F79EFBC}") = "SimpleApp", "SimpleApp\SimpleApp.csproj", "{0446DAB8-13F1-4FA0-842E-6E19B584AAA7}"
EndProject
Project("{FAE04EC0-301F-11D3-BF4B-00C04F79EFBC}") = "SimpleAppTests", "SimpleAppTests\SimpleAppTests.csproj", "{77949258-978C-43E4-8351-490A82ACA88F}"
EndProject
Global
	GlobalSection(SolutionConfigurationPlatforms) = preSolution
		Debug|Any CPU = Debug|Any CPU
		Release|Any CPU = Release|Any CPU
	EndGlobalSection
	GlobalSection(ProjectConfigurationPlatforms) = postSolution
		{0446DAB8-13F1-4FA0-842E-6E19B584AAA7}.Debug|Any CPU.ActiveCfg = Debug|Any CPU
		{0446DAB8-13F1-4FA0-842E-6E19B584AAA7}.Debug|Any CPU.Build.0 = Debug|Any CPU
		{0446DAB8-13F1-4FA0-842E-6E19B584AAA7}.Release|Any CPU.ActiveCfg = Release|Any CPU
		{0446DAB8-13F1-4FA0-842E-6E19B584AAA7}.Release|Any CPU.Build.0 = Release|Any CPU
		{77949258-978C-43E4-8351-490A82ACA88F}.Debug|Any CPU.ActiveCfg = Debug|Any CPU
		{77949258-978C-43E4-8351-490A82ACA88F}.Debug|Any CPU.Build.0 = Debug|Any CPU
		{77949258-978C-43E4-8351-490A82ACA88F}.Release|Any CPU.ActiveCfg = Release|Any CPU
		{77949258-978C-43E4-8351-490A82ACA88F}.Release|Any CPU.Build.0 = Release|Any CPU
	EndGlobalSection
EndGlobal
